
Microsoft Visual Studio Solution File, Format Version 12.00
# Visual Studio Version 16
VisualStudioVersion = 16.0.30611.23
MinimumVisualStudioVersion = 10.0.40219.1
Project("{FAE04EC0-301F-11D3-BF4B-00C04F79EFBC}") = "Kółko i krzyżyk", "Kółko i krzyżyk\Kółko i krzyżyk.csproj", "{8A96A3B8-6A28-429F-BBBC-C29E825D62F1}"
EndProject
Global
	GlobalSection(SolutionConfigurationPlatforms) = preSolution
		Debug|Any CPU = Debug|Any CPU
		Release|Any CPU = Release|Any CPU
	EndGlobalSection
	GlobalSection(ProjectConfigurationPlatforms) = postSolution
		{8A96A3B8-6A28-429F-BBBC-C29E825D62F1}.Debug|Any CPU.ActiveCfg = Debug|Any CPU
		{8A96A3B8-6A28-429F-BBBC-C29E825D62F1}.Debug|Any CPU.Build.0 = Debug|Any CPU
		{8A96A3B8-6A28-429F-BBBC-C29E825D62F1}.Release|Any CPU.ActiveCfg = Release|Any CPU
		{8A96A3B8-6A28-429F-BBBC-C29E825D62F1}.Release|Any CPU.Build.0 = Release|Any CPU
	EndGlobalSection
	GlobalSection(SolutionProperties) = preSolution
		HideSolutionNode = FALSE
	EndGlobalSection
	GlobalSection(ExtensibilityGlobals) = postSolution
		SolutionGuid = {771157A4-5928-4A42-942F-4006D47B1512}
	EndGlobalSection
EndGlobal
